
Microsoft Visual Studio Solution File, Format Version 12.00
# Visual Studio Version 17
VisualStudioVersion = 17.5.33424.131
MinimumVisualStudioVersion = 10.0.40219.1
Project("{9A19103F-16F7-4668-BE54-9A1E7A4F7556}") = "tubesbackuup", "tubesbackuup\tubesbackuup.csproj", "{F78CB0B9-A919-43AD-BB75-9B24AA9DC0EE}"
EndProject
Project("{9A19103F-16F7-4668-BE54-9A1E7A4F7556}") = "PaymentReport", "PaymentReport\PaymentReport.csproj", "{8580480C-ADC4-4613-99CC-A86743008C53}"
EndProject
Project("{9A19103F-16F7-4668-BE54-9A1E7A4F7556}") = "test", "test\test.csproj", "{31810506-86AA-4B73-A951-9B02A0231DDB}"
EndProject
Project("{FAE04EC0-301F-11D3-BF4B-00C04F79EFBC}") = "test2", "test2\test2.csproj", "{B2C8196E-093E-49E4-ACF9-4A296EE2A254}"
EndProject
Global
	GlobalSection(SolutionConfigurationPlatforms) = preSolution
		Debug|Any CPU = Debug|Any CPU
		Release|Any CPU = Release|Any CPU
	EndGlobalSection
	GlobalSection(ProjectConfigurationPlatforms) = postSolution
		{F78CB0B9-A919-43AD-BB75-9B24AA9DC0EE}.Debug|Any CPU.ActiveCfg = Debug|Any CPU
		{F78CB0B9-A919-43AD-BB75-9B24AA9DC0EE}.Debug|Any CPU.Build.0 = Debug|Any CPU
		{F78CB0B9-A919-43AD-BB75-9B24AA9DC0EE}.Release|Any CPU.ActiveCfg = Release|Any CPU
		{F78CB0B9-A919-43AD-BB75-9B24AA9DC0EE}.Release|Any CPU.Build.0 = Release|Any CPU
		{8580480C-ADC4-4613-99CC-A86743008C53}.Debug|Any CPU.ActiveCfg = Debug|Any CPU
		{8580480C-ADC4-4613-99CC-A86743008C53}.Debug|Any CPU.Build.0 = Debug|Any CPU
		{8580480C-ADC4-4613-99CC-A86743008C53}.Release|Any CPU.ActiveCfg = Release|Any CPU
		{8580480C-ADC4-4613-99CC-A86743008C53}.Release|Any CPU.Build.0 = Release|Any CPU
		{31810506-86AA-4B73-A951-9B02A0231DDB}.Debug|Any CPU.ActiveCfg = Debug|Any CPU
		{31810506-86AA-4B73-A951-9B02A0231DDB}.Debug|Any CPU.Build.0 = Debug|Any CPU
		{31810506-86AA-4B73-A951-9B02A0231DDB}.Release|Any CPU.ActiveCfg = Release|Any CPU
		{31810506-86AA-4B73-A951-9B02A0231DDB}.Release|Any CPU.Build.0 = Release|Any CPU
		{B2C8196E-093E-49E4-ACF9-4A296EE2A254}.Debug|Any CPU.ActiveCfg = Debug|Any CPU
		{B2C8196E-093E-49E4-ACF9-4A296EE2A254}.Debug|Any CPU.Build.0 = Debug|Any CPU
		{B2C8196E-093E-49E4-ACF9-4A296EE2A254}.Release|Any CPU.ActiveCfg = Release|Any CPU
		{B2C8196E-093E-49E4-ACF9-4A296EE2A254}.Release|Any CPU.Build.0 = Release|Any CPU
	EndGlobalSection
	GlobalSection(SolutionProperties) = preSolution
		HideSolutionNode = FALSE
	EndGlobalSection
	GlobalSection(ExtensibilityGlobals) = postSolution
		SolutionGuid = {098CF6A2-824A-4840-A257-AFBC42018598}
	EndGlobalSection
EndGlobal
